
Microsoft Visual Studio Solution File, Format Version 12.00
# Visual Studio Version 17
VisualStudioVersion = 17.4.33205.214
MinimumVisualStudioVersion = 10.0.40219.1
Project("{9A19103F-16F7-4668-BE54-9A1E7A4F7556}") = "CPPFilesAPI", "AntlrCSharp\CPPFilesAPI.csproj", "{D6C2CE3D-0DD3-4A09-A2F5-B3A2CE6967FB}"
EndProject
Project("{9A19103F-16F7-4668-BE54-9A1E7A4F7556}") = "CPPFilesAPITests", "AntlrCSharpTests\CPPFilesAPITests.csproj", "{E0FD5681-65DE-4E5C-8FC8-F673BE7A2442}"
EndProject
Project("{FAE04EC0-301F-11D3-BF4B-00C04F79EFBC}") = "Examples", "Examples\Examples.csproj", "{278311AC-88D4-4437-970A-BA78599104C7}"
EndProject
Project("{FAE04EC0-301F-11D3-BF4B-00C04F79EFBC}") = "ExamplesTests", "ExamplesTests\ExamplesTests.csproj", "{B661C784-075E-40BC-8EAA-0634CC3B6DCD}"
EndProject
Global
	GlobalSection(SolutionConfigurationPlatforms) = preSolution
		Debug|Any CPU = Debug|Any CPU
		Debug|x64 = Debug|x64
		Debug|x86 = Debug|x86
		Release|Any CPU = Release|Any CPU
		Release|x64 = Release|x64
		Release|x86 = Release|x86
	EndGlobalSection
	GlobalSection(ProjectConfigurationPlatforms) = postSolution
		{D6C2CE3D-0DD3-4A09-A2F5-B3A2CE6967FB}.Debug|Any CPU.ActiveCfg = Debug|Any CPU
		{D6C2CE3D-0DD3-4A09-A2F5-B3A2CE6967FB}.Debug|Any CPU.Build.0 = Debug|Any CPU
		{D6C2CE3D-0DD3-4A09-A2F5-B3A2CE6967FB}.Debug|x64.ActiveCfg = Debug|Any CPU
		{D6C2CE3D-0DD3-4A09-A2F5-B3A2CE6967FB}.Debug|x64.Build.0 = Debug|Any CPU
		{D6C2CE3D-0DD3-4A09-A2F5-B3A2CE6967FB}.Debug|x86.ActiveCfg = Debug|Any CPU
		{D6C2CE3D-0DD3-4A09-A2F5-B3A2CE6967FB}.Debug|x86.Build.0 = Debug|Any CPU
		{D6C2CE3D-0DD3-4A09-A2F5-B3A2CE6967FB}.Release|Any CPU.ActiveCfg = Release|Any CPU
		{D6C2CE3D-0DD3-4A09-A2F5-B3A2CE6967FB}.Release|Any CPU.Build.0 = Release|Any CPU
		{D6C2CE3D-0DD3-4A09-A2F5-B3A2CE6967FB}.Release|x64.ActiveCfg = Release|Any CPU
		{D6C2CE3D-0DD3-4A09-A2F5-B3A2CE6967FB}.Release|x64.Build.0 = Release|Any CPU
		{D6C2CE3D-0DD3-4A09-A2F5-B3A2CE6967FB}.Release|x86.ActiveCfg = Release|Any CPU
		{D6C2CE3D-0DD3-4A09-A2F5-B3A2CE6967FB}.Release|x86.Build.0 = Release|Any CPU
		{E0FD5681-65DE-4E5C-8FC8-F673BE7A2442}.Debug|Any CPU.ActiveCfg = Debug|Any CPU
		{E0FD5681-65DE-4E5C-8FC8-F673BE7A2442}.Debug|Any CPU.Build.0 = Debug|Any CPU
		{E0FD5681-65DE-4E5C-8FC8-F673BE7A2442}.Debug|x64.ActiveCfg = Debug|Any CPU
		{E0FD5681-65DE-4E5C-8FC8-F673BE7A2442}.Debug|x64.Build.0 = Debug|Any CPU
		{E0FD5681-65DE-4E5C-8FC8-F673BE7A2442}.Debug|x86.ActiveCfg = Debug|Any CPU
		{E0FD5681-65DE-4E5C-8FC8-F673BE7A2442}.Debug|x86.Build.0 = Debug|Any CPU
		{E0FD5681-65DE-4E5C-8FC8-F673BE7A2442}.Release|Any CPU.ActiveCfg = Release|Any CPU
		{E0FD5681-65DE-4E5C-8FC8-F673BE7A2442}.Release|Any CPU.Build.0 = Release|Any CPU
		{E0FD5681-65DE-4E5C-8FC8-F673BE7A2442}.Release|x64.ActiveCfg = Release|Any CPU
		{E0FD5681-65DE-4E5C-8FC8-F673BE7A2442}.Release|x64.Build.0 = Release|Any CPU
		{E0FD5681-65DE-4E5C-8FC8-F673BE7A2442}.Release|x86.ActiveCfg = Release|Any CPU
		{E0FD5681-65DE-4E5C-8FC8-F673BE7A2442}.Release|x86.Build.0 = Release|Any CPU
		{278311AC-88D4-4437-970A-BA78599104C7}.Debug|Any CPU.ActiveCfg = Debug|Any CPU
		{278311AC-88D4-4437-970A-BA78599104C7}.Debug|Any CPU.Build.0 = Debug|Any CPU
		{278311AC-88D4-4437-970A-BA78599104C7}.Debug|x64.ActiveCfg = Debug|Any CPU
		{278311AC-88D4-4437-970A-BA78599104C7}.Debug|x64.Build.0 = Debug|Any CPU
		{278311AC-88D4-4437-970A-BA78599104C7}.Debug|x86.ActiveCfg = Debug|Any CPU
		{278311AC-88D4-4437-970A-BA78599104C7}.Debug|x86.Build.0 = Debug|Any CPU
		{278311AC-88D4-4437-970A-BA78599104C7}.Release|Any CPU.ActiveCfg = Release|Any CPU
		{278311AC-88D4-4437-970A-BA78599104C7}.Release|Any CPU.Build.0 = Release|Any CPU
		{278311AC-88D4-4437-970A-BA78599104C7}.Release|x64.ActiveCfg = Release|Any CPU
		{278311AC-88D4-4437-970A-BA78599104C7}.Release|x64.Build.0 = Release|Any CPU
		{278311AC-88D4-4437-970A-BA78599104C7}.Release|x86.ActiveCfg = Release|Any CPU
		{278311AC-88D4-4437-970A-BA78599104C7}.Release|x86.Build.0 = Release|Any CPU
		{B661C784-075E-40BC-8EAA-0634CC3B6DCD}.Debug|Any CPU.ActiveCfg = Debug|Any CPU
		{B661C784-075E-40BC-8EAA-0634CC3B6DCD}.Debug|Any CPU.Build.0 = Debug|Any CPU
		{B661C784-075E-40BC-8EAA-0634CC3B6DCD}.Debug|x64.ActiveCfg = Debug|Any CPU
		{B661C784-075E-40BC-8EAA-0634CC3B6DCD}.Debug|x64.Build.0 = Debug|Any CPU
		{B661C784-075E-40BC-8EAA-0634CC3B6DCD}.Debug|x86.ActiveCfg = Debug|Any CPU
		{B661C784-075E-40BC-8EAA-0634CC3B6DCD}.Debug|x86.Build.0 = Debug|Any CPU
		{B661C784-075E-40BC-8EAA-0634CC3B6DCD}.Release|Any CPU.ActiveCfg = Release|Any CPU
		{B661C784-075E-40BC-8EAA-0634CC3B6DCD}.Release|Any CPU.Build.0 = Release|Any CPU
		{B661C784-075E-40BC-8EAA-0634CC3B6DCD}.Release|x64.ActiveCfg = Release|Any CPU
		{B661C784-075E-40BC-8EAA-0634CC3B6DCD}.Release|x64.Build.0 = Release|Any CPU
		{B661C784-075E-40BC-8EAA-0634CC3B6DCD}.Release|x86.ActiveCfg = Release|Any CPU
		{B661C784-075E-40BC-8EAA-0634CC3B6DCD}.Release|x86.Build.0 = Release|Any CPU
	EndGlobalSection
	GlobalSection(SolutionProperties) = preSolution
		HideSolutionNode = FALSE
	EndGlobalSection
	GlobalSection(ExtensibilityGlobals) = postSolution
		SolutionGuid = {2FE55F55-17AC-46E1-A1EF-AB0A594DEDD5}
	EndGlobalSection
EndGlobal
